{
  "name": "Emroz-toto-with-dynamodb",
  "version": "1.0.0",
  "lockfileVersion": 1,
  "requires": true,
  "dependencies": {
    "dustjs-helpers": {
      "version": "1.5.0",
      "resolved": "https://registry.npmjs.org/dustjs-helpers/-/dustjs-helpers-1.5.0.tgz",
      "integrity": "sha1-FQ1DRwQg53IY7fX7Ov/VuaEp94k="
    },
    "dustjs-linkedin": {
      "version": "2.5.0",
      "resolved": "https://registry.npmjs.org/dustjs-linkedin/-/dustjs-linkedin-2.5.0.tgz",
      "integrity": "sha1-DMbjWJsRA9BuBG6Gr87deNcNchw="
    },
    "ejs": {
      "version": "0.8.8",
      "resolved": "https://registry.npmjs.org/ejs/-/ejs-0.8.8.tgz",
      "integrity": "sha1-/9xW3MNdApJt1QrRNDm7xUBh1Zg="
    },
    "ejs-locals": {
      "version": "1.0.2",
      "resolved": "https://registry.npmjs.org/ejs-locals/-/ejs-locals-1.0.2.tgz",
      "integrity": "sha1-ubMg/2kzFUEF+g7taD6mTWeAiM4=",
      "requires": {
        "ejs": "0.8.x"
      }
    },
    "humanize-ms": {
      "version": "1.0.1",
      "resolved": "https://registry.npmjs.org/humanize-ms/-/humanize-ms-1.0.1.tgz",
      "integrity": "sha1-QzbTxDkiNruOWc2lmfbYhnXcX/g=",
      "requires": {
        "ms": "~0.6.2"
      },
      "dependencies": {
        "ms": {
          "version": "0.6.2",
          "resolved": "https://registry.npmjs.org/ms/-/ms-0.6.2.tgz",
          "integrity": "sha1-2JwhJMb9wTU9Zai3e/GqxLGTcIw="
        }
      }
    },
    "ms": {
      "version": "0.7.3",
      "resolved": "https://registry.npmjs.org/ms/-/ms-0.7.3.tgz",
      "integrity": "sha1-cIFVpeROM/X9D8U+gdDUCpG+H/8="
    },
    "qs": {
      "version": "6.3.1",
      "resolved": "https://registry.npmjs.org/qs/-/qs-6.3.1.tgz",
      "integrity": "sha1-kYwLO802Z5dyuvE1say0wWUe150="
    },
    "uuid": {
      "version": "2.0.3",
      "resolved": "https://registry.npmjs.org/uuid/-/uuid-2.0.3.tgz",
      "integrity": "sha1-Z+LoY3lyFVMN/zGOW/nc6/1Hsho="
    }
  }
}
